
Microsoft Visual Studio Solution File, Format Version 12.00
# Visual Studio Version 17
VisualStudioVersion = 17.14.36221.1 d17.14
MinimumVisualStudioVersion = 10.0.40219.1
Project("{FAE04EC0-301F-11D3-BF4B-00C04F79EFBC}") = "PersistenceDAL", "PersistenceDAL\PersistenceDAL.csproj", "{C4E4F3CC-9680-4CB9-9E3C-AE2FBE5F9A63}"
EndProject
Project("{FAE04EC0-301F-11D3-BF4B-00C04F79EFBC}") = "DataConsole", "DataConsole\DataConsole.csproj", "{BB05C817-5913-4EFB-8BAE-9395526E31BD}"
EndProject
Global
	GlobalSection(SolutionConfigurationPlatforms) = preSolution
		Debug|Any CPU = Debug|Any CPU
		Release|Any CPU = Release|Any CPU
	EndGlobalSection
	GlobalSection(ProjectConfigurationPlatforms) = postSolution
		{C4E4F3CC-9680-4CB9-9E3C-AE2FBE5F9A63}.Debug|Any CPU.ActiveCfg = Debug|Any CPU
		{C4E4F3CC-9680-4CB9-9E3C-AE2FBE5F9A63}.Debug|Any CPU.Build.0 = Debug|Any CPU
		{C4E4F3CC-9680-4CB9-9E3C-AE2FBE5F9A63}.Release|Any CPU.ActiveCfg = Release|Any CPU
		{C4E4F3CC-9680-4CB9-9E3C-AE2FBE5F9A63}.Release|Any CPU.Build.0 = Release|Any CPU
		{BB05C817-5913-4EFB-8BAE-9395526E31BD}.Debug|Any CPU.ActiveCfg = Debug|Any CPU
		{BB05C817-5913-4EFB-8BAE-9395526E31BD}.Debug|Any CPU.Build.0 = Debug|Any CPU
		{BB05C817-5913-4EFB-8BAE-9395526E31BD}.Release|Any CPU.ActiveCfg = Release|Any CPU
		{BB05C817-5913-4EFB-8BAE-9395526E31BD}.Release|Any CPU.Build.0 = Release|Any CPU
	EndGlobalSection
	GlobalSection(SolutionProperties) = preSolution
		HideSolutionNode = FALSE
	EndGlobalSection
	GlobalSection(ExtensibilityGlobals) = postSolution
		SolutionGuid = {C1F027B0-42CB-4EDD-8DA4-4EEFE022D8A1}
	EndGlobalSection
EndGlobal
